{
  "name": "uniapp-router-patch",
  "version": "1.0.1",
  "lockfileVersion": 1,
  "requires": true,
  "dependencies": {
    "@types/estree": {
      "version": "0.0.39",
      "resolved": "http://registry.npm.taobao.org/@types/estree/download/@types/estree-0.0.39.tgz",
      "integrity": "sha1-4Xfmme4bjCLSMXTKqnQiZEOJUJ8=",
      "dev": true
    },
    "@types/node": {
      "version": "12.0.8",
      "resolved": "https://registry.npm.taobao.org/@types/node/download/@types/node-12.0.8.tgz",
      "integrity": "sha1-VRRmvhGyrcPz1HFWdY9hC9n2sdg=",
      "dev": true
    },
    "acorn": {
      "version": "6.1.1",
      "resolved": "http://registry.npm.taobao.org/acorn/download/acorn-6.1.1.tgz",
      "integrity": "sha1-fSWuBbuK0fm2mRCOEJTs14hK3B8=",
      "dev": true
    },
    "rollup": {
      "version": "1.15.1",
      "resolved": "https://registry.npm.taobao.org/rollup/download/rollup-1.15.1.tgz",
      "integrity": "sha1-dlgNmj5+hjJTC8xYCbr0Menhaqk=",
      "dev": true,
      "requires": {
        "@types/estree": "0.0.39",
        "@types/node": "^12.0.7",
        "acorn": "^6.1.1"
      }
    }
  }
}
